// !$*UTF8*$!
{
	archiveVersion = 1;
	classes = {
	};
	objectVersion = 55;
	objects = {

/* Begin PBXBuildFile section */
		5E045B7327B19E5B0094F0B1 /* FollowerListVC.swift in Sources */ = {isa = PBXBuildFile; fileRef = 5E045B7227B19E5B0094F0B1 /* FollowerListVC.swift */; };
		5E045B7527B435D80094F0B1 /* GFTitleLabel.swift in Sources */ = {isa = PBXBuildFile; fileRef = 5E045B7427B435D80094F0B1 /* GFTitleLabel.swift */; };
		5E045B7727B4380F0094F0B1 /* GFBodyLabel.swift in Sources */ = {isa = PBXBuildFile; fileRef = 5E045B7627B4380F0094F0B1 /* GFBodyLabel.swift */; };
		5E045B7927B43C980094F0B1 /* GFAlertVC.swift in Sources */ = {isa = PBXBuildFile; fileRef = 5E045B7827B43C980094F0B1 /* GFAlertVC.swift */; };
		5E045B7B27B44D160094F0B1 /* UIViewController+Ext.swift in Sources */ = {isa = PBXBuildFile; fileRef = 5E045B7A27B44D160094F0B1 /* UIViewController+Ext.swift */; };
		5E1A68A427AE9C6B00A2C8E9 /* SearchVC.swift in Sources */ = {isa = PBXBuildFile; fileRef = 5E1A68A327AE9C6B00A2C8E9 /* SearchVC.swift */; };
		5E1A68A627AE9D3C00A2C8E9 /* FavoritesListVC.swift in Sources */ = {isa = PBXBuildFile; fileRef = 5E1A68A527AE9D3C00A2C8E9 /* FavoritesListVC.swift */; };
		5E1A68AA27AFF77D00A2C8E9 /* GFButton.swift in Sources */ = {isa = PBXBuildFile; fileRef = 5E1A68A927AFF77D00A2C8E9 /* GFButton.swift */; };
		5E1A68AC27AFFCFB00A2C8E9 /* GFTextField.swift in Sources */ = {isa = PBXBuildFile; fileRef = 5E1A68AB27AFFCFB00A2C8E9 /* GFTextField.swift */; };
		5E4FBCE427AD417B0048848C /* AppDelegate.swift in Sources */ = {isa = PBXBuildFile; fileRef = 5E4FBCE327AD417B0048848C /* AppDelegate.swift */; };
		5E4FBCE627AD417B0048848C /* SceneDelegate.swift in Sources */ = {isa = PBXBuildFile; fileRef = 5E4FBCE527AD417B0048848C /* SceneDelegate.swift */; };
		5E4FBCED27AD417E0048848C /* Assets.xcassets in Resources */ = {isa = PBXBuildFile; fileRef = 5E4FBCEC27AD417E0048848C /* Assets.xcassets */; };
		5E4FBCF027AD417E0048848C /* LaunchScreen.storyboard in Resources */ = {isa = PBXBuildFile; fileRef = 5E4FBCEE27AD417E0048848C /* LaunchScreen.storyboard */; };
/* End PBXBuildFile section */

/* Begin PBXFileReference section */
		5E045B7227B19E5B0094F0B1 /* FollowerListVC.swift */ = {isa = PBXFileReference; lastKnownFileType = sourcecode.swift; path = FollowerListVC.swift; sourceTree = "<group>"; };
		5E045B7427B435D80094F0B1 /* GFTitleLabel.swift */ = {isa = PBXFileReference; lastKnownFileType = sourcecode.swift; path = GFTitleLabel.swift; sourceTree = "<group>"; };
		5E045B7627B4380F0094F0B1 /* GFBodyLabel.swift */ = {isa = PBXFileReference; lastKnownFileType = sourcecode.swift; path = GFBodyLabel.swift; sourceTree = "<group>"; };
		5E045B7827B43C980094F0B1 /* GFAlertVC.swift */ = {isa = PBXFileReference; lastKnownFileType = sourcecode.swift; path = GFAlertVC.swift; sourceTree = "<group>"; };
		5E045B7A27B44D160094F0B1 /* UIViewController+Ext.swift */ = {isa = PBXFileReference; lastKnownFileType = sourcecode.swift; path = "UIViewController+Ext.swift"; sourceTree = "<group>"; };
		5E1A68A327AE9C6B00A2C8E9 /* SearchVC.swift */ = {isa = PBXFileReference; lastKnownFileType = sourcecode.swift; path = SearchVC.swift; sourceTree = "<group>"; };
		5E1A68A527AE9D3C00A2C8E9 /* FavoritesListVC.swift */ = {isa = PBXFileReference; lastKnownFileType = sourcecode.swift; path = FavoritesListVC.swift; sourceTree = "<group>"; };
		5E1A68A927AFF77D00A2C8E9 /* GFButton.swift */ = {isa = PBXFileReference; lastKnownFileType = sourcecode.swift; path = GFButton.swift; sourceTree = "<group>"; };
		5E1A68AB27AFFCFB00A2C8E9 /* GFTextField.swift */ = {isa = PBXFileReference; lastKnownFileType = sourcecode.swift; path = GFTextField.swift; sourceTree = "<group>"; };
		5E4FBCE027AD417B0048848C /* GHFollowers.app */ = {isa = PBXFileReference; explicitFileType = wrapper.application; includeInIndex = 0; path = GHFollowers.app; sourceTree = BUILT_PRODUCTS_DIR; };
		5E4FBCE327AD417B0048848C /* AppDelegate.swift */ = {isa = PBXFileReference; lastKnownFileType = sourcecode.swift; path = AppDelegate.swift; sourceTree = "<group>"; };
		5E4FBCE527AD417B0048848C /* SceneDelegate.swift */ = {isa = PBXFileReference; lastKnownFileType = sourcecode.swift; path = SceneDelegate.swift; sourceTree = "<group>"; };
		5E4FBCEC27AD417E0048848C /* Assets.xcassets */ = {isa = PBXFileReference; lastKnownFileType = folder.assetcatalog; path = Assets.xcassets; sourceTree = "<group>"; };
		5E4FBCEF27AD417E0048848C /* Base */ = {isa = PBXFileReference; lastKnownFileType = file.storyboard; name = Base; path = Base.lproj/LaunchScreen.storyboard; sourceTree = "<group>"; };
		5E4FBCF127AD417E0048848C /* Info.plist */ = {isa = PBXFileReference; lastKnownFileType = text.plist.xml; path = Info.plist; sourceTree = "<group>"; };
/* End PBXFileReference section */

/* Begin PBXFrameworksBuildPhase section */
		5E4FBCDD27AD417B0048848C /* Frameworks */ = {
			isa = PBXFrameworksBuildPhase;
			buildActionMask = 2147483647;
			files = (
			);
			runOnlyForDeploymentPostprocessing = 0;
		};
/* End PBXFrameworksBuildPhase section */

/* Begin PBXGroup section */
		5E4FBCD727AD417B0048848C = {
			isa = PBXGroup;
			children = (
				5E4FBCE227AD417B0048848C /* GHFollowers */,
				5E4FBCE127AD417B0048848C /* Products */,
			);
			sourceTree = "<group>";
		};
		5E4FBCE127AD417B0048848C /* Products */ = {
			isa = PBXGroup;
			children = (
				5E4FBCE027AD417B0048848C /* GHFollowers.app */,
			);
			name = Products;
			sourceTree = "<group>";
		};
		5E4FBCE227AD417B0048848C /* GHFollowers */ = {
			isa = PBXGroup;
			children = (
				5E4FBCE327AD417B0048848C /* AppDelegate.swift */,
				5E4FBCE527AD417B0048848C /* SceneDelegate.swift */,
				5E4FBCEC27AD417E0048848C /* Assets.xcassets */,
				5E4FBCEE27AD417E0048848C /* LaunchScreen.storyboard */,
				5E4FBCF127AD417E0048848C /* Info.plist */,
				5E1A68A327AE9C6B00A2C8E9 /* SearchVC.swift */,
				5E1A68A527AE9D3C00A2C8E9 /* FavoritesListVC.swift */,
				5E1A68A927AFF77D00A2C8E9 /* GFButton.swift */,
				5E1A68AB27AFFCFB00A2C8E9 /* GFTextField.swift */,
				5E045B7227B19E5B0094F0B1 /* FollowerListVC.swift */,
				5E045B7427B435D80094F0B1 /* GFTitleLabel.swift */,
				5E045B7627B4380F0094F0B1 /* GFBodyLabel.swift */,
				5E045B7827B43C980094F0B1 /* GFAlertVC.swift */,
				5E045B7A27B44D160094F0B1 /* UIViewController+Ext.swift */,
			);
			path = GHFollowers;
			sourceTree = "<group>";
		};
/* End PBXGroup section */

/* Begin PBXNativeTarget section */
		5E4FBCDF27AD417B0048848C /* GHFollowers */ = {
			isa = PBXNativeTarget;
			buildConfigurationList = 5E4FBCF427AD417E0048848C /* Build configuration list for PBXNativeTarget "GHFollowers" */;
			buildPhases = (
				5E4FBCDC27AD417B0048848C /* Sources */,
				5E4FBCDD27AD417B0048848C /* Frameworks */,
				5E4FBCDE27AD417B0048848C /* Resources */,
			);
			buildRules = (
			);
			dependencies = (
			);
			name = GHFollowers;
			productName = GHFollowers;
			productReference = 5E4FBCE027AD417B0048848C /* GHFollowers.app */;
			productType = "com.apple.product-type.application";
		};
/* End PBXNativeTarget section */

/* Begin PBXProject section */
		5E4FBCD827AD417B0048848C /* Project object */ = {
			isa = PBXProject;
			attributes = {
				BuildIndependentTargetsInParallel = 1;
				LastSwiftUpdateCheck = 1310;
				LastUpgradeCheck = 1310;
				TargetAttributes = {
					5E4FBCDF27AD417B0048848C = {
						CreatedOnToolsVersion = 13.1;
					};
				};
			};
			buildConfigurationList = 5E4FBCDB27AD417B0048848C /* Build configuration list for PBXProject "GHFollowers" */;
			compatibilityVersion = "Xcode 13.0";
			developmentRegion = en;
			hasScannedForEncodings = 0;
			knownRegions = (
				en,
				Base,
			);
			mainGroup = 5E4FBCD727AD417B0048848C;
			productRefGroup = 5E4FBCE127AD417B0048848C /* Products */;
			projectDirPath = "";
			projectRoot = "";
			targets = (
				5E4FBCDF27AD417B0048848C /* GHFollowers */,
			);
		};
/* End PBXProject section */

/* Begin PBXResourcesBuildPhase section */
		5E4FBCDE27AD417B0048848C /* Resources */ = {
			isa = PBXResourcesBuildPhase;
			buildActionMask = 2147483647;
			files = (
				5E4FBCF027AD417E0048848C /* LaunchScreen.storyboard in Resources */,
				5E4FBCED27AD417E0048848C /* Assets.xcassets in Resources */,
			);
			runOnlyForDeploymentPostprocessing = 0;
		};
/* End PBXResourcesBuildPhase section */

/* Begin PBXSourcesBuildPhase section */
		5E4FBCDC27AD417B0048848C /* Sources */ = {
			isa = PBXSourcesBuildPhase;
			buildActionMask = 2147483647;
			files = (
				5E1A68AA27AFF77D00A2C8E9 /* GFButton.swift in Sources */,
				5E1A68A627AE9D3C00A2C8E9 /* FavoritesListVC.swift in Sources */,
				5E1A68AC27AFFCFB00A2C8E9 /* GFTextField.swift in Sources */,
				5E045B7B27B44D160094F0B1 /* UIViewController+Ext.swift in Sources */,
				5E4FBCE427AD417B0048848C /* AppDelegate.swift in Sources */,
				5E045B7927B43C980094F0B1 /* GFAlertVC.swift in Sources */,
				5E045B7727B4380F0094F0B1 /* GFBodyLabel.swift in Sources */,
				5E045B7527B435D80094F0B1 /* GFTitleLabel.swift in Sources */,
				5E045B7327B19E5B0094F0B1 /* FollowerListVC.swift in Sources */,
				5E1A68A427AE9C6B00A2C8E9 /* SearchVC.swift in Sources */,
				5E4FBCE627AD417B0048848C /* SceneDelegate.swift in Sources */,
			);
			runOnlyForDeploymentPostprocessing = 0;
		};
/* End PBXSourcesBuildPhase section */

/* Begin PBXVariantGroup section */
		5E4FBCEE27AD417E0048848C /* LaunchScreen.storyboard */ = {
			isa = PBXVariantGroup;
			children = (
				5E4FBCEF27AD417E0048848C /* Base */,
			);
			name = LaunchScreen.storyboard;
			sourceTree = "<group>";
		};
/* End PBXVariantGroup section */

/* Begin XCBuildConfiguration section */
		5E4FBCF227AD417E0048848C /* Debug */ = {
			isa = XCBuildConfiguration;
			buildSettings = {
				ALWAYS_SEARCH_USER_PATHS = NO;
				CLANG_ANALYZER_NONNULL = YES;
				CLANG_ANALYZER_NUMBER_OBJECT_CONVERSION = YES_AGGRESSIVE;
				CLANG_CXX_LANGUAGE_STANDARD = "gnu++17";
				CLANG_CXX_LIBRARY = "libc++";
				CLANG_ENABLE_MODULES = YES;
				CLANG_ENABLE_OBJC_ARC = YES;
				CLANG_ENABLE_OBJC_WEAK = YES;
				CLANG_WARN_BLOCK_CAPTURE_AUTORELEASING = YES;
				CLANG_WARN_BOOL_CONVERSION = YES;
				CLANG_WARN_COMMA = YES;
				CLANG_WARN_CONSTANT_CONVERSION = YES;
				CLANG_WARN_DEPRECATED_OBJC_IMPLEMENTATIONS = YES;
				CLANG_WARN_DIRECT_OBJC_ISA_USAGE = YES_ERROR;
				CLANG_WARN_DOCUMENTATION_COMMENTS = YES;
				CLANG_WARN_EMPTY_BODY = YES;
				CLANG_WARN_ENUM_CONVERSION = YES;
				CLANG_WARN_INFINITE_RECURSION = YES;
				CLANG_WARN_INT_CONVERSION = YES;
				CLANG_WARN_NON_LITERAL_NULL_CONVERSION = YES;
				CLANG_WARN_OBJC_IMPLICIT_RETAIN_SELF = YES;
				CLANG_WARN_OBJC_LITERAL_CONVERSION = YES;
				CLANG_WARN_OBJC_ROOT_CLASS = YES_ERROR;
				CLANG_WARN_QUOTED_INCLUDE_IN_FRAMEWORK_HEADER = YES;
				CLANG_WARN_RANGE_LOOP_ANALYSIS = YES;
				CLANG_WARN_STRICT_PROTOTYPES = YES;
				CLANG_WARN_SUSPICIOUS_MOVE = YES;
				CLANG_WARN_UNGUARDED_AVAILABILITY = YES_AGGRESSIVE;
				CLANG_WARN_UNREACHABLE_CODE = YES;
				CLANG_WARN__DUPLICATE_METHOD_MATCH = YES;
				COPY_PHASE_STRIP = NO;
				DEBUG_INFORMATION_FORMAT = dwarf;
				ENABLE_STRICT_OBJC_MSGSEND = YES;
				ENABLE_TESTABILITY = YES;
				GCC_C_LANGUAGE_STANDARD = gnu11;
				GCC_DYNAMIC_NO_PIC = NO;
				GCC_NO_COMMON_BLOCKS = YES;
				GCC_OPTIMIZATION_LEVEL = 0;
				GCC_PREPROCESSOR_DEFINITIONS = (
					"DEBUG=1",
					"$(inherited)",
				);
				GCC_WARN_64_TO_32_BIT_CONVERSION = YES;
				GCC_WARN_ABOUT_RETURN_TYPE = YES_ERROR;
				GCC_WARN_UNDECLARED_SELECTOR = YES;
				GCC_WARN_UNINITIALIZED_AUTOS = YES_AGGRESSIVE;
				GCC_WARN_UNUSED_FUNCTION = YES;
				GCC_WARN_UNUSED_VARIABLE = YES;
				IPHONEOS_DEPLOYMENT_TARGET = 15.0;
				MTL_ENABLE_DEBUG_INFO = INCLUDE_SOURCE;
				MTL_FAST_MATH = YES;
				ONLY_ACTIVE_ARCH = YES;
				SDKROOT = iphoneos;
				SWIFT_ACTIVE_COMPILATION_CONDITIONS = DEBUG;
				SWIFT_OPTIMIZATION_LEVEL = "-Onone";
			};
			name = Debug;
		};
		5E4FBCF327AD417E0048848C /* Release */ = {
			isa = XCBuildConfiguration;
			buildSettings = {
				ALWAYS_SEARCH_USER_PATHS = NO;
				CLANG_ANALYZER_NONNULL = YES;
				CLANG_ANALYZER_NUMBER_OBJECT_CONVERSION = YES_AGGRESSIVE;
				CLANG_CXX_LANGUAGE_STANDARD = "gnu++17";
				CLANG_CXX_LIBRARY = "libc++";
				CLANG_ENABLE_MODULES = YES;
				CLANG_ENABLE_OBJC_ARC = YES;
				CLANG_ENABLE_OBJC_WEAK = YES;
				CLANG_WARN_BLOCK_CAPTURE_AUTORELEASING = YES;
				CLANG_WARN_BOOL_CONVERSION = YES;
				CLANG_WARN_COMMA = YES;
				CLANG_WARN_CONSTANT_CONVERSION = YES;
				CLANG_WARN_DEPRECATED_OBJC_IMPLEMENTATIONS = YES;
				CLANG_WARN_DIRECT_OBJC_ISA_USAGE = YES_ERROR;
				CLANG_WARN_DOCUMENTATION_COMMENTS = YES;
				CLANG_WARN_EMPTY_BODY = YES;
				CLANG_WARN_ENUM_CONVERSION = YES;
				CLANG_WARN_INFINITE_RECURSION = YES;
				CLANG_WARN_INT_CONVERSION = YES;
				CLANG_WARN_NON_LITERAL_NULL_CONVERSION = YES;
				CLANG_WARN_OBJC_IMPLICIT_RETAIN_SELF = YES;
				CLANG_WARN_OBJC_LITERAL_CONVERSION = YES;
				CLANG_WARN_OBJC_ROOT_CLASS = YES_ERROR;
				CLANG_WARN_QUOTED_INCLUDE_IN_FRAMEWORK_HEADER = YES;
				CLANG_WARN_RANGE_LOOP_ANALYSIS = YES;
				CLANG_WARN_STRICT_PROTOTYPES = YES;
				CLANG_WARN_SUSPICIOUS_MOVE = YES;
				CLANG_WARN_UNGUARDED_AVAILABILITY = YES_AGGRESSIVE;
				CLANG_WARN_UNREACHABLE_CODE = YES;
				CLANG_WARN__DUPLICATE_METHOD_MATCH = YES;
				COPY_PHASE_STRIP = NO;
				DEBUG_INFORMATION_FORMAT = "dwarf-with-dsym";
				ENABLE_NS_ASSERTIONS = NO;
				ENABLE_STRICT_OBJC_MSGSEND = YES;
				GCC_C_LANGUAGE_STANDARD = gnu11;
				GCC_NO_COMMON_BLOCKS = YES;
				GCC_WARN_64_TO_32_BIT_CONVERSION = YES;
				GCC_WARN_ABOUT_RETURN_TYPE = YES_ERROR;
				GCC_WARN_UNDECLARED_SELECTOR = YES;
				GCC_WARN_UNINITIALIZED_AUTOS = YES_AGGRESSIVE;
				GCC_WARN_UNUSED_FUNCTION = YES;
				GCC_WARN_UNUSED_VARIABLE = YES;
				IPHONEOS_DEPLOYMENT_TARGET = 15.0;
				MTL_ENABLE_DEBUG_INFO = NO;
				MTL_FAST_MATH = YES;
				SDKROOT = iphoneos;
				SWIFT_COMPILATION_MODE = wholemodule;
				SWIFT_OPTIMIZATION_LEVEL = "-O";
				VALIDATE_PRODUCT = YES;
			};
			name = Release;
		};
		5E4FBCF527AD417E0048848C /* Debug */ = {
			isa = XCBuildConfiguration;
			buildSettings = {
				ASSETCATALOG_COMPILER_APPICON_NAME = AppIcon;
				ASSETCATALOG_COMPILER_GLOBAL_ACCENT_COLOR_NAME = AccentColor;
				CODE_SIGN_STYLE = Automatic;
				CURRENT_PROJECT_VERSION = 1;
				DEVELOPMENT_TEAM = FQ8MLNCZ73;
				GENERATE_INFOPLIST_FILE = YES;
				INFOPLIST_FILE = GHFollowers/Info.plist;
				INFOPLIST_KEY_UIApplicationSupportsIndirectInputEvents = YES;
				INFOPLIST_KEY_UILaunchStoryboardName = LaunchScreen;
				INFOPLIST_KEY_UISupportedInterfaceOrientations = UIInterfaceOrientationPortrait;
				INFOPLIST_KEY_UISupportedInterfaceOrientations_iPad = "UIInterfaceOrientationPortrait UIInterfaceOrientationPortraitUpsideDown UIInterfaceOrientationLandscapeLeft UIInterfaceOrientationLandscapeRight";
				INFOPLIST_KEY_UISupportedInterfaceOrientations_iPhone = "UIInterfaceOrientationPortrait UIInterfaceOrientationLandscapeLeft UIInterfaceOrientationLandscapeRight";
				LD_RUNPATH_SEARCH_PATHS = (
					"$(inherited)",
					"@executable_path/Frameworks",
				);
				MARKETING_VERSION = 1.0;
				PRODUCT_BUNDLE_IDENTIFIER = com.ViktorsK.GHFollowers;
				PRODUCT_NAME = "$(TARGET_NAME)";
				SWIFT_EMIT_LOC_STRINGS = YES;
				SWIFT_VERSION = 5.0;
				TARGETED_DEVICE_FAMILY = 1;
			};
			name = Debug;
		};
		5E4FBCF627AD417E0048848C /* Release */ = {
			isa = XCBuildConfiguration;
			buildSettings = {
				ASSETCATALOG_COMPILER_APPICON_NAME = AppIcon;
				ASSETCATALOG_COMPILER_GLOBAL_ACCENT_COLOR_NAME = AccentColor;
				CODE_SIGN_STYLE = Automatic;
				CURRENT_PROJECT_VERSION = 1;
				DEVELOPMENT_TEAM = FQ8MLNCZ73;
				GENERATE_INFOPLIST_FILE = YES;
				INFOPLIST_FILE = GHFollowers/Info.plist;
				INFOPLIST_KEY_UIApplicationSupportsIndirectInputEvents = YES;
				INFOPLIST_KEY_UILaunchStoryboardName = LaunchScreen;
				INFOPLIST_KEY_UISupportedInterfaceOrientations = UIInterfaceOrientationPortrait;
				INFOPLIST_KEY_UISupportedInterfaceOrientations_iPad = "UIInterfaceOrientationPortrait UIInterfaceOrientationPortraitUpsideDown UIInterfaceOrientationLandscapeLeft UIInterfaceOrientationLandscapeRight";
				INFOPLIST_KEY_UISupportedInterfaceOrientations_iPhone = "UIInterfaceOrientationPortrait UIInterfaceOrientationLandscapeLeft UIInterfaceOrientationLandscapeRight";
				LD_RUNPATH_SEARCH_PATHS = (
					"$(inherited)",
					"@executable_path/Frameworks",
				);
				MARKETING_VERSION = 1.0;
				PRODUCT_BUNDLE_IDENTIFIER = com.ViktorsK.GHFollowers;
				PRODUCT_NAME = "$(TARGET_NAME)";
				SWIFT_EMIT_LOC_STRINGS = YES;
				SWIFT_VERSION = 5.0;
				TARGETED_DEVICE_FAMILY = 1;
			};
			name = Release;
		};
/* End XCBuildConfiguration section */

/* Begin XCConfigurationList section */
		5E4FBCDB27AD417B0048848C /* Build configuration list for PBXProject "GHFollowers" */ = {
			isa = XCConfigurationList;
			buildConfigurations = (
				5E4FBCF227AD417E0048848C /* Debug */,
				5E4FBCF327AD417E0048848C /* Release */,
			);
			defaultConfigurationIsVisible = 0;
			defaultConfigurationName = Release;
		};
		5E4FBCF427AD417E0048848C /* Build configuration list for PBXNativeTarget "GHFollowers" */ = {
			isa = XCConfigurationList;
			buildConfigurations = (
				5E4FBCF527AD417E0048848C /* Debug */,
				5E4FBCF627AD417E0048848C /* Release */,
			);
			defaultConfigurationIsVisible = 0;
			defaultConfigurationName = Release;
		};
/* End XCConfigurationList section */
	};
	rootObject = 5E4FBCD827AD417B0048848C /* Project object */;
}
